
Microsoft Visual Studio Solution File, Format Version 12.00
# Visual Studio Version 17
VisualStudioVersion = 17.6.33723.286
MinimumVisualStudioVersion = 10.0.40219.1
Project("{FAE04EC0-301F-11D3-BF4B-00C04F79EFBC}") = "GitTestB2", "GitTestB2\GitTestB2.csproj", "{B63E0E36-35B8-4520-AECA-8F0949FB14F7}"
EndProject
Global
	GlobalSection(SolutionConfigurationPlatforms) = preSolution
		Debug|Any CPU = Debug|Any CPU
		Release|Any CPU = Release|Any CPU
	EndGlobalSection
	GlobalSection(ProjectConfigurationPlatforms) = postSolution
		{B63E0E36-35B8-4520-AECA-8F0949FB14F7}.Debug|Any CPU.ActiveCfg = Debug|Any CPU
		{B63E0E36-35B8-4520-AECA-8F0949FB14F7}.Debug|Any CPU.Build.0 = Debug|Any CPU
		{B63E0E36-35B8-4520-AECA-8F0949FB14F7}.Release|Any CPU.ActiveCfg = Release|Any CPU
		{B63E0E36-35B8-4520-AECA-8F0949FB14F7}.Release|Any CPU.Build.0 = Release|Any CPU
	EndGlobalSection
	GlobalSection(SolutionProperties) = preSolution
		HideSolutionNode = FALSE
	EndGlobalSection
	GlobalSection(ExtensibilityGlobals) = postSolution
		SolutionGuid = {9557C2DF-57BF-4933-8F8F-E4BBA4CF7CDB}
	EndGlobalSection
EndGlobal
